
Microsoft Visual Studio Solution File, Format Version 12.00
Project("{FAE04EC0-301F-11D3-BF4B-00C04F79EFBC}") = "ZooManager", "ZooManager\ZooManager.csproj", "{4114B2E9-8134-4F4D-9212-2C8882DEBD93}"
EndProject
Global
	GlobalSection(SolutionConfigurationPlatforms) = preSolution
		Debug|Any CPU = Debug|Any CPU
		Release|Any CPU = Release|Any CPU
	EndGlobalSection
	GlobalSection(ProjectConfigurationPlatforms) = postSolution
		{4114B2E9-8134-4F4D-9212-2C8882DEBD93}.Debug|Any CPU.ActiveCfg = Debug|Any CPU
		{4114B2E9-8134-4F4D-9212-2C8882DEBD93}.Debug|Any CPU.Build.0 = Debug|Any CPU
		{4114B2E9-8134-4F4D-9212-2C8882DEBD93}.Release|Any CPU.ActiveCfg = Release|Any CPU
		{4114B2E9-8134-4F4D-9212-2C8882DEBD93}.Release|Any CPU.Build.0 = Release|Any CPU
	EndGlobalSection
EndGlobal
